
Microsoft Visual Studio Solution File, Format Version 11.00
# Visual Studio 2010
Project("{FAE04EC0-301F-11D3-BF4B-00C04F79EFBC}") = "GraphBasedShapePriorLib", "GraphBasedShapePriorLib\GraphBasedShapePriorLib.csproj", "{1D706F13-ADB3-46A7-AFD2-E2E1AEAE0911}"
EndProject
Project("{8BC9CEB8-8B4A-11D0-8D11-00A0C91BC942}") = "GraphCuts", "GraphCuts\GraphCuts.vcxproj", "{19F5BAC2-897A-4C7C-853A-752853165CCD}"
EndProject
Project("{FAE04EC0-301F-11D3-BF4B-00C04F79EFBC}") = "TestArea", "TestArea\TestArea.csproj", "{327356D3-F8F3-4580-89F7-557291E7627A}"
EndProject
Project("{FAE04EC0-301F-11D3-BF4B-00C04F79EFBC}") = "Segmentator", "Segmentator\Segmentator.csproj", "{E59A741F-C0D7-4937-A7D6-EC2193A1678E}"
	ProjectSection(ProjectDependencies) = postProject
		{7C414CC8-8F93-4A9B-9111-079BBB5DB90A} = {7C414CC8-8F93-4A9B-9111-079BBB5DB90A}
	EndProjectSection
EndProject
Project("{FAE04EC0-301F-11D3-BF4B-00C04F79EFBC}") = "Tests", "Tests\Tests.csproj", "{D8E8DF84-8B60-48C4-827E-1918FE46C16D}"
EndProject
Project("{2150E333-8FDC-42A3-9474-1A3956D46DE8}") = "Solution Items", "Solution Items", "{A69B9819-3AB6-4ECA-A1CC-1F6C7E5CF738}"
	ProjectSection(SolutionItems) = preProject
		GraphBasedShapePrior.vsmdi = GraphBasedShapePrior.vsmdi
		Local.testsettings = Local.testsettings
		TraceAndTestImpact.testsettings = TraceAndTestImpact.testsettings
	EndProjectSection
EndProject
Project("{8BC9CEB8-8B4A-11D0-8D11-00A0C91BC942}") = "GpuBranchAndBoundSegmentatorLib", "GpuBranchAndBoundSegmentatorLib\GpuBranchAndBoundSegmentatorLib.vcxproj", "{7C414CC8-8F93-4A9B-9111-079BBB5DB90A}"
	ProjectSection(ProjectDependencies) = postProject
		{1D706F13-ADB3-46A7-AFD2-E2E1AEAE0911} = {1D706F13-ADB3-46A7-AFD2-E2E1AEAE0911}
	EndProjectSection
EndProject
Project("{2150E333-8FDC-42A3-9474-1A3956D46DE8}") = "Tools", "Tools", "{CBACB957-90A1-4050-A090-4D21EA4CC1BD}"
EndProject
Project("{FAE04EC0-301F-11D3-BF4B-00C04F79EFBC}") = "SegmentPenaltyPrototype", "Tools\SegmentPenaltyPrototype\SegmentPenaltyPrototype.csproj", "{555897BA-4C2E-4BCB-A578-45449849AD9C}"
EndProject
Global
	GlobalSection(TestCaseManagementSettings) = postSolution
		CategoryFile = GraphBasedShapePrior.vsmdi
	EndGlobalSection
	GlobalSection(SolutionConfigurationPlatforms) = preSolution
		Debug|Any CPU = Debug|Any CPU
		Debug|Mixed Platforms = Debug|Mixed Platforms
		Debug|Win32 = Debug|Win32
		Debug|x86 = Debug|x86
		Release|Any CPU = Release|Any CPU
		Release|Mixed Platforms = Release|Mixed Platforms
		Release|Win32 = Release|Win32
		Release|x86 = Release|x86
		ReleaseGPU|Any CPU = ReleaseGPU|Any CPU
		ReleaseGPU|Mixed Platforms = ReleaseGPU|Mixed Platforms
		ReleaseGPU|Win32 = ReleaseGPU|Win32
		ReleaseGPU|x86 = ReleaseGPU|x86
	EndGlobalSection
	GlobalSection(ProjectConfigurationPlatforms) = postSolution
		{1D706F13-ADB3-46A7-AFD2-E2E1AEAE0911}.Debug|Any CPU.ActiveCfg = Debug|Any CPU
		{1D706F13-ADB3-46A7-AFD2-E2E1AEAE0911}.Debug|Any CPU.Build.0 = Debug|Any CPU
		{1D706F13-ADB3-46A7-AFD2-E2E1AEAE0911}.Debug|Mixed Platforms.ActiveCfg = Debug|Any CPU
		{1D706F13-ADB3-46A7-AFD2-E2E1AEAE0911}.Debug|Mixed Platforms.Build.0 = Debug|Any CPU
		{1D706F13-ADB3-46A7-AFD2-E2E1AEAE0911}.Debug|Win32.ActiveCfg = Debug|Any CPU
		{1D706F13-ADB3-46A7-AFD2-E2E1AEAE0911}.Debug|x86.ActiveCfg = Debug|Any CPU
		{1D706F13-ADB3-46A7-AFD2-E2E1AEAE0911}.Release|Any CPU.ActiveCfg = Release|Any CPU
		{1D706F13-ADB3-46A7-AFD2-E2E1AEAE0911}.Release|Any CPU.Build.0 = Release|Any CPU
		{1D706F13-ADB3-46A7-AFD2-E2E1AEAE0911}.Release|Mixed Platforms.ActiveCfg = Release|Any CPU
		{1D706F13-ADB3-46A7-AFD2-E2E1AEAE0911}.Release|Mixed Platforms.Build.0 = Release|Any CPU
		{1D706F13-ADB3-46A7-AFD2-E2E1AEAE0911}.Release|Win32.ActiveCfg = Release|Any CPU
		{1D706F13-ADB3-46A7-AFD2-E2E1AEAE0911}.Release|x86.ActiveCfg = Release|Any CPU
		{1D706F13-ADB3-46A7-AFD2-E2E1AEAE0911}.ReleaseGPU|Any CPU.ActiveCfg = ReleaseGPU|Any CPU
		{1D706F13-ADB3-46A7-AFD2-E2E1AEAE0911}.ReleaseGPU|Any CPU.Build.0 = ReleaseGPU|Any CPU
		{1D706F13-ADB3-46A7-AFD2-E2E1AEAE0911}.ReleaseGPU|Mixed Platforms.ActiveCfg = ReleaseGPU|Any CPU
		{1D706F13-ADB3-46A7-AFD2-E2E1AEAE0911}.ReleaseGPU|Mixed Platforms.Build.0 = ReleaseGPU|Any CPU
		{1D706F13-ADB3-46A7-AFD2-E2E1AEAE0911}.ReleaseGPU|Win32.ActiveCfg = ReleaseGPU|Any CPU
		{1D706F13-ADB3-46A7-AFD2-E2E1AEAE0911}.ReleaseGPU|Win32.Build.0 = ReleaseGPU|Any CPU
		{1D706F13-ADB3-46A7-AFD2-E2E1AEAE0911}.ReleaseGPU|x86.ActiveCfg = ReleaseGPU|Any CPU
		{1D706F13-ADB3-46A7-AFD2-E2E1AEAE0911}.ReleaseGPU|x86.Build.0 = ReleaseGPU|Any CPU
		{19F5BAC2-897A-4C7C-853A-752853165CCD}.Debug|Any CPU.ActiveCfg = Debug|Win32
		{19F5BAC2-897A-4C7C-853A-752853165CCD}.Debug|Mixed Platforms.ActiveCfg = Debug|Win32
		{19F5BAC2-897A-4C7C-853A-752853165CCD}.Debug|Mixed Platforms.Build.0 = Debug|Win32
		{19F5BAC2-897A-4C7C-853A-752853165CCD}.Debug|Win32.ActiveCfg = Debug|Win32
		{19F5BAC2-897A-4C7C-853A-752853165CCD}.Debug|Win32.Build.0 = Debug|Win32
		{19F5BAC2-897A-4C7C-853A-752853165CCD}.Debug|x86.ActiveCfg = Debug|Win32
		{19F5BAC2-897A-4C7C-853A-752853165CCD}.Release|Any CPU.ActiveCfg = Release|Win32
		{19F5BAC2-897A-4C7C-853A-752853165CCD}.Release|Mixed Platforms.ActiveCfg = Release|Win32
		{19F5BAC2-897A-4C7C-853A-752853165CCD}.Release|Mixed Platforms.Build.0 = Release|Win32
		{19F5BAC2-897A-4C7C-853A-752853165CCD}.Release|Win32.ActiveCfg = Release|Win32
		{19F5BAC2-897A-4C7C-853A-752853165CCD}.Release|Win32.Build.0 = Release|Win32
		{19F5BAC2-897A-4C7C-853A-752853165CCD}.Release|x86.ActiveCfg = Release|Win32
		{19F5BAC2-897A-4C7C-853A-752853165CCD}.ReleaseGPU|Any CPU.ActiveCfg = ReleaseGPU|Win32
		{19F5BAC2-897A-4C7C-853A-752853165CCD}.ReleaseGPU|Any CPU.Build.0 = ReleaseGPU|Win32
		{19F5BAC2-897A-4C7C-853A-752853165CCD}.ReleaseGPU|Mixed Platforms.ActiveCfg = ReleaseGPU|Win32
		{19F5BAC2-897A-4C7C-853A-752853165CCD}.ReleaseGPU|Mixed Platforms.Build.0 = ReleaseGPU|Win32
		{19F5BAC2-897A-4C7C-853A-752853165CCD}.ReleaseGPU|Win32.ActiveCfg = ReleaseGPU|Win32
		{19F5BAC2-897A-4C7C-853A-752853165CCD}.ReleaseGPU|Win32.Build.0 = ReleaseGPU|Win32
		{19F5BAC2-897A-4C7C-853A-752853165CCD}.ReleaseGPU|x86.ActiveCfg = ReleaseGPU|Win32
		{19F5BAC2-897A-4C7C-853A-752853165CCD}.ReleaseGPU|x86.Build.0 = ReleaseGPU|Win32
		{327356D3-F8F3-4580-89F7-557291E7627A}.Debug|Any CPU.ActiveCfg = Debug|x86
		{327356D3-F8F3-4580-89F7-557291E7627A}.Debug|Mixed Platforms.ActiveCfg = Debug|x86
		{327356D3-F8F3-4580-89F7-557291E7627A}.Debug|Mixed Platforms.Build.0 = Debug|x86
		{327356D3-F8F3-4580-89F7-557291E7627A}.Debug|Win32.ActiveCfg = Debug|x86
		{327356D3-F8F3-4580-89F7-557291E7627A}.Debug|x86.ActiveCfg = Debug|x86
		{327356D3-F8F3-4580-89F7-557291E7627A}.Debug|x86.Build.0 = Debug|x86
		{327356D3-F8F3-4580-89F7-557291E7627A}.Release|Any CPU.ActiveCfg = Release|x86
		{327356D3-F8F3-4580-89F7-557291E7627A}.Release|Mixed Platforms.ActiveCfg = Release|x86
		{327356D3-F8F3-4580-89F7-557291E7627A}.Release|Mixed Platforms.Build.0 = Release|x86
		{327356D3-F8F3-4580-89F7-557291E7627A}.Release|Win32.ActiveCfg = Release|x86
		{327356D3-F8F3-4580-89F7-557291E7627A}.Release|x86.ActiveCfg = Release|x86
		{327356D3-F8F3-4580-89F7-557291E7627A}.Release|x86.Build.0 = Release|x86
		{327356D3-F8F3-4580-89F7-557291E7627A}.ReleaseGPU|Any CPU.ActiveCfg = ReleaseGPU|x86
		{327356D3-F8F3-4580-89F7-557291E7627A}.ReleaseGPU|Any CPU.Build.0 = ReleaseGPU|x86
		{327356D3-F8F3-4580-89F7-557291E7627A}.ReleaseGPU|Mixed Platforms.ActiveCfg = ReleaseGPU|x86
		{327356D3-F8F3-4580-89F7-557291E7627A}.ReleaseGPU|Mixed Platforms.Build.0 = ReleaseGPU|x86
		{327356D3-F8F3-4580-89F7-557291E7627A}.ReleaseGPU|Win32.ActiveCfg = ReleaseGPU|x86
		{327356D3-F8F3-4580-89F7-557291E7627A}.ReleaseGPU|Win32.Build.0 = ReleaseGPU|x86
		{327356D3-F8F3-4580-89F7-557291E7627A}.ReleaseGPU|x86.ActiveCfg = ReleaseGPU|x86
		{327356D3-F8F3-4580-89F7-557291E7627A}.ReleaseGPU|x86.Build.0 = ReleaseGPU|x86
		{E59A741F-C0D7-4937-A7D6-EC2193A1678E}.Debug|Any CPU.ActiveCfg = Debug|x86
		{E59A741F-C0D7-4937-A7D6-EC2193A1678E}.Debug|Mixed Platforms.ActiveCfg = Debug|x86
		{E59A741F-C0D7-4937-A7D6-EC2193A1678E}.Debug|Mixed Platforms.Build.0 = Debug|x86
		{E59A741F-C0D7-4937-A7D6-EC2193A1678E}.Debug|Win32.ActiveCfg = Debug|x86
		{E59A741F-C0D7-4937-A7D6-EC2193A1678E}.Debug|x86.ActiveCfg = Debug|x86
		{E59A741F-C0D7-4937-A7D6-EC2193A1678E}.Debug|x86.Build.0 = Debug|x86
		{E59A741F-C0D7-4937-A7D6-EC2193A1678E}.Release|Any CPU.ActiveCfg = Release|x86
		{E59A741F-C0D7-4937-A7D6-EC2193A1678E}.Release|Mixed Platforms.ActiveCfg = Release|x86
		{E59A741F-C0D7-4937-A7D6-EC2193A1678E}.Release|Mixed Platforms.Build.0 = Release|x86
		{E59A741F-C0D7-4937-A7D6-EC2193A1678E}.Release|Win32.ActiveCfg = Release|x86
		{E59A741F-C0D7-4937-A7D6-EC2193A1678E}.Release|x86.ActiveCfg = Release|x86
		{E59A741F-C0D7-4937-A7D6-EC2193A1678E}.Release|x86.Build.0 = Release|x86
		{E59A741F-C0D7-4937-A7D6-EC2193A1678E}.ReleaseGPU|Any CPU.ActiveCfg = ReleaseGPU|x86
		{E59A741F-C0D7-4937-A7D6-EC2193A1678E}.ReleaseGPU|Any CPU.Build.0 = ReleaseGPU|x86
		{E59A741F-C0D7-4937-A7D6-EC2193A1678E}.ReleaseGPU|Mixed Platforms.ActiveCfg = ReleaseGPU|x86
		{E59A741F-C0D7-4937-A7D6-EC2193A1678E}.ReleaseGPU|Mixed Platforms.Build.0 = ReleaseGPU|x86
		{E59A741F-C0D7-4937-A7D6-EC2193A1678E}.ReleaseGPU|Win32.ActiveCfg = ReleaseGPU|x86
		{E59A741F-C0D7-4937-A7D6-EC2193A1678E}.ReleaseGPU|Win32.Build.0 = ReleaseGPU|x86
		{E59A741F-C0D7-4937-A7D6-EC2193A1678E}.ReleaseGPU|x86.ActiveCfg = ReleaseGPU|x86
		{E59A741F-C0D7-4937-A7D6-EC2193A1678E}.ReleaseGPU|x86.Build.0 = ReleaseGPU|x86
		{D8E8DF84-8B60-48C4-827E-1918FE46C16D}.Debug|Any CPU.ActiveCfg = Debug|Any CPU
		{D8E8DF84-8B60-48C4-827E-1918FE46C16D}.Debug|Any CPU.Build.0 = Debug|Any CPU
		{D8E8DF84-8B60-48C4-827E-1918FE46C16D}.Debug|Mixed Platforms.ActiveCfg = Debug|Any CPU
		{D8E8DF84-8B60-48C4-827E-1918FE46C16D}.Debug|Mixed Platforms.Build.0 = Debug|Any CPU
		{D8E8DF84-8B60-48C4-827E-1918FE46C16D}.Debug|Win32.ActiveCfg = Debug|Any CPU
		{D8E8DF84-8B60-48C4-827E-1918FE46C16D}.Debug|x86.ActiveCfg = Debug|Any CPU
		{D8E8DF84-8B60-48C4-827E-1918FE46C16D}.Release|Any CPU.ActiveCfg = Release|Any CPU
		{D8E8DF84-8B60-48C4-827E-1918FE46C16D}.Release|Any CPU.Build.0 = Release|Any CPU
		{D8E8DF84-8B60-48C4-827E-1918FE46C16D}.Release|Mixed Platforms.ActiveCfg = Release|Any CPU
		{D8E8DF84-8B60-48C4-827E-1918FE46C16D}.Release|Mixed Platforms.Build.0 = Release|Any CPU
		{D8E8DF84-8B60-48C4-827E-1918FE46C16D}.Release|Win32.ActiveCfg = Release|Any CPU
		{D8E8DF84-8B60-48C4-827E-1918FE46C16D}.Release|x86.ActiveCfg = Release|Any CPU
		{D8E8DF84-8B60-48C4-827E-1918FE46C16D}.ReleaseGPU|Any CPU.ActiveCfg = ReleaseGPU|Any CPU
		{D8E8DF84-8B60-48C4-827E-1918FE46C16D}.ReleaseGPU|Any CPU.Build.0 = ReleaseGPU|Any CPU
		{D8E8DF84-8B60-48C4-827E-1918FE46C16D}.ReleaseGPU|Mixed Platforms.ActiveCfg = ReleaseGPU|Any CPU
		{D8E8DF84-8B60-48C4-827E-1918FE46C16D}.ReleaseGPU|Mixed Platforms.Build.0 = ReleaseGPU|Any CPU
		{D8E8DF84-8B60-48C4-827E-1918FE46C16D}.ReleaseGPU|Win32.ActiveCfg = ReleaseGPU|Any CPU
		{D8E8DF84-8B60-48C4-827E-1918FE46C16D}.ReleaseGPU|Win32.Build.0 = ReleaseGPU|Any CPU
		{D8E8DF84-8B60-48C4-827E-1918FE46C16D}.ReleaseGPU|x86.ActiveCfg = ReleaseGPU|Any CPU
		{D8E8DF84-8B60-48C4-827E-1918FE46C16D}.ReleaseGPU|x86.Build.0 = ReleaseGPU|Any CPU
		{7C414CC8-8F93-4A9B-9111-079BBB5DB90A}.Debug|Any CPU.ActiveCfg = Debug|Win32
		{7C414CC8-8F93-4A9B-9111-079BBB5DB90A}.Debug|Mixed Platforms.ActiveCfg = Debug|Win32
		{7C414CC8-8F93-4A9B-9111-079BBB5DB90A}.Debug|Mixed Platforms.Build.0 = Debug|Win32
		{7C414CC8-8F93-4A9B-9111-079BBB5DB90A}.Debug|Win32.ActiveCfg = Debug|Win32
		{7C414CC8-8F93-4A9B-9111-079BBB5DB90A}.Debug|Win32.Build.0 = Debug|Win32
		{7C414CC8-8F93-4A9B-9111-079BBB5DB90A}.Debug|x86.ActiveCfg = Debug|Win32
		{7C414CC8-8F93-4A9B-9111-079BBB5DB90A}.Release|Any CPU.ActiveCfg = Release|Win32
		{7C414CC8-8F93-4A9B-9111-079BBB5DB90A}.Release|Mixed Platforms.ActiveCfg = Release|Win32
		{7C414CC8-8F93-4A9B-9111-079BBB5DB90A}.Release|Mixed Platforms.Build.0 = Release|Win32
		{7C414CC8-8F93-4A9B-9111-079BBB5DB90A}.Release|Win32.ActiveCfg = Release|Win32
		{7C414CC8-8F93-4A9B-9111-079BBB5DB90A}.Release|Win32.Build.0 = Release|Win32
		{7C414CC8-8F93-4A9B-9111-079BBB5DB90A}.Release|x86.ActiveCfg = Release|Win32
		{7C414CC8-8F93-4A9B-9111-079BBB5DB90A}.ReleaseGPU|Any CPU.ActiveCfg = ReleaseGPU|Win32
		{7C414CC8-8F93-4A9B-9111-079BBB5DB90A}.ReleaseGPU|Any CPU.Build.0 = ReleaseGPU|Win32
		{7C414CC8-8F93-4A9B-9111-079BBB5DB90A}.ReleaseGPU|Mixed Platforms.ActiveCfg = ReleaseGPU|Win32
		{7C414CC8-8F93-4A9B-9111-079BBB5DB90A}.ReleaseGPU|Mixed Platforms.Build.0 = ReleaseGPU|Win32
		{7C414CC8-8F93-4A9B-9111-079BBB5DB90A}.ReleaseGPU|Win32.ActiveCfg = ReleaseGPU|Win32
		{7C414CC8-8F93-4A9B-9111-079BBB5DB90A}.ReleaseGPU|Win32.Build.0 = ReleaseGPU|Win32
		{7C414CC8-8F93-4A9B-9111-079BBB5DB90A}.ReleaseGPU|x86.ActiveCfg = ReleaseGPU|Win32
		{7C414CC8-8F93-4A9B-9111-079BBB5DB90A}.ReleaseGPU|x86.Build.0 = ReleaseGPU|Win32
		{555897BA-4C2E-4BCB-A578-45449849AD9C}.Debug|Any CPU.ActiveCfg = Debug|x86
		{555897BA-4C2E-4BCB-A578-45449849AD9C}.Debug|Mixed Platforms.ActiveCfg = Debug|x86
		{555897BA-4C2E-4BCB-A578-45449849AD9C}.Debug|Mixed Platforms.Build.0 = Debug|x86
		{555897BA-4C2E-4BCB-A578-45449849AD9C}.Debug|Win32.ActiveCfg = Debug|x86
		{555897BA-4C2E-4BCB-A578-45449849AD9C}.Debug|x86.ActiveCfg = Debug|x86
		{555897BA-4C2E-4BCB-A578-45449849AD9C}.Debug|x86.Build.0 = Debug|x86
		{555897BA-4C2E-4BCB-A578-45449849AD9C}.Release|Any CPU.ActiveCfg = Release|x86
		{555897BA-4C2E-4BCB-A578-45449849AD9C}.Release|Mixed Platforms.ActiveCfg = Release|x86
		{555897BA-4C2E-4BCB-A578-45449849AD9C}.Release|Mixed Platforms.Build.0 = Release|x86
		{555897BA-4C2E-4BCB-A578-45449849AD9C}.Release|Win32.ActiveCfg = Release|x86
		{555897BA-4C2E-4BCB-A578-45449849AD9C}.Release|x86.ActiveCfg = Release|x86
		{555897BA-4C2E-4BCB-A578-45449849AD9C}.Release|x86.Build.0 = Release|x86
		{555897BA-4C2E-4BCB-A578-45449849AD9C}.ReleaseGPU|Any CPU.ActiveCfg = Release|x86
		{555897BA-4C2E-4BCB-A578-45449849AD9C}.ReleaseGPU|Mixed Platforms.ActiveCfg = Release|x86
		{555897BA-4C2E-4BCB-A578-45449849AD9C}.ReleaseGPU|Mixed Platforms.Build.0 = Release|x86
		{555897BA-4C2E-4BCB-A578-45449849AD9C}.ReleaseGPU|Win32.ActiveCfg = Release|x86
		{555897BA-4C2E-4BCB-A578-45449849AD9C}.ReleaseGPU|x86.ActiveCfg = Release|x86
		{555897BA-4C2E-4BCB-A578-45449849AD9C}.ReleaseGPU|x86.Build.0 = Release|x86
	EndGlobalSection
	GlobalSection(SolutionProperties) = preSolution
		HideSolutionNode = FALSE
	EndGlobalSection
	GlobalSection(NestedProjects) = preSolution
		{555897BA-4C2E-4BCB-A578-45449849AD9C} = {CBACB957-90A1-4050-A090-4D21EA4CC1BD}
	EndGlobalSection
EndGlobal
